<?xml version="1.0" encoding="utf-8"?>
<Project ToolsVersion="4.0" xmlns="http://schemas.microsoft.com/developer/msbuild/2003">
  <ItemGroup>
    <Filter Include="Geometry">
      <UniqueIdentifier>{fd323f5e-f012-49df-8498-5cc622e6bd98}</UniqueIdentifier>
    </Filter>
    <Filter Include="Terrain">
      <UniqueIdentifier>{aff24daf-645d-43cf-9661-2e8b82371aac}</UniqueIdentifier>
    </Filter>
    <Filter Include="Resource">
      <UniqueIdentifier>{c8e2de31-57b3-4155-b4cf-833e604a6a5e}</UniqueIdentifier>
    </Filter>
    <Filter Include="Profile">
      <UniqueIdentifier>{f22e901e-5907-42a2-b41e-53e95bdf3d9a}</UniqueIdentifier>
    </Filter>
    <Filter Include="Mesh">
      <UniqueIdentifier>{1c3bb1ca-c68a-4a2c-98f7-72d6c0a3eb84}</UniqueIdentifier>
    </Filter>
    <Filter Include="Audio">
      <UniqueIdentifier>{33a8bbc6-3160-4129-8405-89199c764fb5}</UniqueIdentifier>
    </Filter>
    <Filter Include="Animation">
      <UniqueIdentifier>{ac718212-166b-4843-b857-9e797825a612}</UniqueIdentifier>
    </Filter>
    <Filter Include="Utility">
      <UniqueIdentifier>{8c0c2b4e-5445-425e-88a0-7f6bfdfea7cb}</UniqueIdentifier>
    </Filter>
    <Filter Include="Material">
      <UniqueIdentifier>{760ef729-f871-4e9a-b4ab-e3fb4dcfa9f3}</UniqueIdentifier>
    </Filter>
    <Filter Include="Skills">
      <UniqueIdentifier>{a2ecce20-36c5-4d2f-94c3-ecce5814542c}</UniqueIdentifier>
    </Filter>
    <Filter Include="Particles">
      <UniqueIdentifier>{4cfc0ea9-1f6a-4637-afc5-f8740f1f1090}</UniqueIdentifier>
    </Filter>
    <Filter Include="Animation\Components">
      <UniqueIdentifier>{20dbda62-562c-4c37-8b72-5d3cf2845555}</UniqueIdentifier>
    </Filter>
    <Filter Include="Precompiled">
      <UniqueIdentifier>{3f6f76ce-7af3-4de7-b9fe-7dee7859dd00}</UniqueIdentifier>
    </Filter>
    <Filter Include="Decals">
      <UniqueIdentifier>{ef122bf1-96a1-4c6f-b584-87a26d98cc3e}</UniqueIdentifier>
    </Filter>
    <Filter Include="Effects">
      <UniqueIdentifier>{2b2555bf-476a-4733-afc3-2dd7cee16243}</UniqueIdentifier>
    </Filter>
    <Filter Include="Doodad">
      <UniqueIdentifier>{a95956ec-b660-43c3-8abc-20e6771332af}</UniqueIdentifier>
    </Filter>
    <Filter Include="Trails">
      <UniqueIdentifier>{0a5c0fab-adae-4c52-bcf4-659684ac800c}</UniqueIdentifier>
    </Filter>
    <Filter Include="Video">
      <UniqueIdentifier>{8b9107fb-09ef-4838-88a2-7c0a5b1aae12}</UniqueIdentifier>
    </Filter>
    <Filter Include="Preloading">
      <UniqueIdentifier>{b04c1a69-d24f-42d2-b260-328ad2105525}</UniqueIdentifier>
    </Filter>
    <Filter Include="Physics">
      <UniqueIdentifier>{5748a1c5-83bf-45ad-8432-f2c56fed2880}</UniqueIdentifier>
    </Filter>
    <Filter Include="Physics\Maths">
      <UniqueIdentifier>{854ebd8f-6c77-43b7-96ad-0aa38280158a}</UniqueIdentifier>
    </Filter>
    <Filter Include="Physics\ParticlePhysics">
      <UniqueIdentifier>{483b4979-7f36-4a8f-9649-53f15df5d87c}</UniqueIdentifier>
    </Filter>
    <Filter Include="Physics\Utils">
      <UniqueIdentifier>{fd627307-5c50-4929-86b4-95ae58f21f97}</UniqueIdentifier>
    </Filter>
    <Filter Include="Maths">
      <UniqueIdentifier>{ad37c8dc-0d0b-423e-99a0-75f2981ebce3}</UniqueIdentifier>
    </Filter>
    <Filter Include="GUI2">
      <UniqueIdentifier>{59272fda-a31e-4c0b-a122-09da423b812b}</UniqueIdentifier>
    </Filter>
    <Filter Include="GUI2\imgui">
      <UniqueIdentifier>{8defd9b2-759a-4a94-ad9d-b31777d38fe5}</UniqueIdentifier>
    </Filter>
    <Filter Include="Physics\FluidDynamics">
      <UniqueIdentifier>{443f2df1-212b-4e79-b808-69e5886266f7}</UniqueIdentifier>
    </Filter>
    <Filter Include="Python">
      <UniqueIdentifier>{f3b909ed-a9af-41bf-861a-308c0ab375fb}</UniqueIdentifier>
    </Filter>
    <Filter Include="Python\Modules">
      <UniqueIdentifier>{0107be1e-a98d-4882-a1c5-680157c047f1}</UniqueIdentifier>
    </Filter>
    <Filter Include="Cheats">
      <UniqueIdentifier>{da9fc373-5970-441c-8d01-f8d1824290fc}</UniqueIdentifier>
    </Filter>
    <Filter Include="Environment">
      <UniqueIdentifier>{2b2b4e88-99ce-4936-8e1e-b341ee4e8ad6}</UniqueIdentifier>
    </Filter>
    <Filter Include="Utility\IMGUI">
      <UniqueIdentifier>{b6939b2f-d944-47b6-bfd6-33734a7e31a4}</UniqueIdentifier>
    </Filter>
    <Filter Include="GpuParticles">
      <UniqueIdentifier>{c180bb67-51dc-4577-828c-94aff86b0c33}</UniqueIdentifier>
    </Filter>
    <Filter Include="Engine">
      <UniqueIdentifier>{fe5700fb-26a7-4415-b25e-8203812f724b}</UniqueIdentifier>
    </Filter>
    <Filter Include="Engine\Plugins">
      <UniqueIdentifier>{983294cb-e1e0-4a45-a9a4-3d76ba876659}</UniqueIdentifier>
    </Filter>
    <Filter Include="Device">
      <UniqueIdentifier>{a7e7a114-ae69-40ee-946f-37dddda38192}</UniqueIdentifier>
    </Filter>
    <Filter Include="Renderer">
      <UniqueIdentifier>{40154def-5a7a-480b-9d30-c97e8f74c8e7}</UniqueIdentifier>
    </Filter>
    <Filter Include="Entity">
      <UniqueIdentifier>{4fe0b1b7-04e1-48bf-a297-5f2bdb65e68b}</UniqueIdentifier>
    </Filter>
    <Filter Include="Renderer\Scene">
      <UniqueIdentifier>{51d7f53f-9d90-4cfb-8fac-74567ef7558e}</UniqueIdentifier>
    </Filter>
    <Filter Include="Renderer\DrawCalls">
      <UniqueIdentifier>{9139a7eb-6b94-42ee-861e-e8e801a04375}</UniqueIdentifier>
    </Filter>
    <Filter Include="Renderer\DrawCalls\Terrain">
      <UniqueIdentifier>{6f262dff-2441-4bd7-919c-a7b2ef5d6709}</UniqueIdentifier>
    </Filter>
    <Filter Include="Audio\Internal">
      <UniqueIdentifier>{88067e0b-2cbd-4e31-bddd-afe6b7269044}</UniqueIdentifier>
    </Filter>
    <Filter Include="GUI2\impl">
      <UniqueIdentifier>{207d5886-e0e8-4e92-ad7d-d150e36c4e16}</UniqueIdentifier>
    </Filter>
    <Filter Include="Gamepad">
      <UniqueIdentifier>{14216077-8c85-470a-a315-9c5d2646c9df}</UniqueIdentifier>
    </Filter>
    <Filter Include="Gamepad\Devices">
      <UniqueIdentifier>{6f298ecc-71c7-4f02-b99d-29d546b3c566}</UniqueIdentifier>
    </Filter>
    <Filter Include="Texture">
      <UniqueIdentifier>{d9a33706-9683-47cc-ac70-7c295caa163b}</UniqueIdentifier>
    </Filter>
    <Filter Include="LUT">
      <UniqueIdentifier>{c5da6c1b-e379-40db-8c24-f1dc29298d18}</UniqueIdentifier>
    </Filter>
  </ItemGroup>
  <ItemGroup>
    <ClCompile Include="Mesh\AnimatedMesh.cpp">
      <Filter>Mesh</Filter>
    </ClCompile>
    <ClCompile Include="Mesh\AnimatedMeshRawData.cpp">
      <Filter>Mesh</Filter>
    </ClCompile>
    <ClCompile Include="Mesh\AnimatedSkeleton.cpp">
      <Filter>Mesh</Filter>
    </ClCompile>
    <ClCompile Include="Mesh\FixedMesh.cpp">
      <Filter>Mesh</Filter>
    </ClCompile>
    <ClCompile Include="Mesh\TileMesh.cpp">
      <Filter>Mesh</Filter>
    </ClCompile>
    <ClCompile Include="Mesh\TileMeshInstance.cpp">
      <Filter>Mesh</Filter>
    </ClCompile>
    <ClCompile Include="Utility\InterfaceDrawing.cpp">
      <Filter>Utility</Filter>
    </ClCompile>
    <ClCompile Include="Material\Material.cpp">
      <Filter>Material</Filter>
    </ClCompile>
    <ClCompile Include="Skills\PassiveSkillLayout.cpp">
      <Filter>Skills</Filter>
    </ClCompile>
    <ClCompile Include="Particles\EffectInstance.cpp">
      <Filter>Particles</Filter>
    </ClCompile>
    <ClCompile Include="Particles\EmitterTemplate.cpp">
      <Filter>Particles</Filter>
    </ClCompile>
    <ClCompile Include="Particles\ParticleEffect.cpp">
      <Filter>Particles</Filter>
    </ClCompile>
    <ClCompile Include="Particles\ParticleEmitter.cpp">
      <Filter>Particles</Filter>
    </ClCompile>
    <ClCompile Include="Animation\Components\AnimatedRenderComponent.cpp">
      <Filter>Animation\Components</Filter>
    </ClCompile>
    <ClCompile Include="Animation\Components\ClientAnimationControllerComponent.cpp">
      <Filter>Animation\Components</Filter>
    </ClCompile>
    <ClCompile Include="Animation\Components\SkinMeshComponent.cpp">
      <Filter>Animation\Components</Filter>
    </ClCompile>
    <ClCompile Include="Animation\Components\VisualAnimationComponentRegistration.cpp">
      <Filter>Animation\Components</Filter>
    </ClCompile>
    <ClCompile Include="Animation\Components\SoundEventsComponent.cpp">
      <Filter>Animation\Components</Filter>
    </ClCompile>
    <ClCompile Include="Animation\Components\ParticleEffectsComponent.cpp">
      <Filter>Animation\Components</Filter>
    </ClCompile>
    <ClCompile Include="Animation\Components\BoneGroupsComponent.cpp">
      <Filter>Animation\Components</Filter>
    </ClCompile>
    <ClCompile Include="Utility\ScreenshotTool.cpp">
      <Filter>Utility</Filter>
    </ClCompile>
    <ClCompile Include="Animation\Components\LightsComponent.cpp">
      <Filter>Animation\Components</Filter>
    </ClCompile>
    <ClCompile Include="Animation\Components\FixedMeshComponent.cpp">
      <Filter>Animation\Components</Filter>
    </ClCompile>
    <ClCompile Include="Terrain\GridVisualisation.cpp">
      <Filter>Terrain</Filter>
    </ClCompile>
    <ClCompile Include="Environment\EnvironmentEditor.cpp">
      <Filter>Environment</Filter>
    </ClCompile>
    <ClCompile Include="Environment\EnvironmentSettings.cpp">
      <Filter>Environment</Filter>
    </ClCompile>
    <ClCompile Include="Utility\DXHelperFunctions.cpp">
      <Filter>Utility</Filter>
    </ClCompile>
    <ClCompile Include="Terrain\MinimapTilePack.cpp">
      <Filter>Terrain</Filter>
    </ClCompile>
    <ClCompile Include="Terrain\MinimapTile.cpp">
      <Filter>Terrain</Filter>
    </ClCompile>
    <ClCompile Include="Terrain\Minimap.cpp">
      <Filter>Terrain</Filter>
    </ClCompile>
    <ClCompile Include="Utility\GraphControl.cpp">
      <Filter>Utility</Filter>
    </ClCompile>
    <ClCompile Include="Precompiled\Precompiled.cpp">
      <Filter>Precompiled</Filter>
    </ClCompile>
    <ClCompile Include="Material\MaterialAtlas.cpp">
      <Filter>Material</Filter>
    </ClCompile>
    <ClCompile Include="Decals\DecalGroup.cpp">
      <Filter>Decals</Filter>
    </ClCompile>
    <ClCompile Include="Decals\DecalManager.cpp">
      <Filter>Decals</Filter>
    </ClCompile>
    <ClCompile Include="Decals\DecalBuffer.cpp">
      <Filter>Decals</Filter>
    </ClCompile>
    <ClCompile Include="Animation\Components\DecalEventsComponent.cpp">
      <Filter>Animation\Components</Filter>
    </ClCompile>
    <ClCompile Include="Mesh\FixedLight.cpp">
      <Filter>Mesh</Filter>
    </ClCompile>
    <ClCompile Include="Mesh\AnimatedLightState.cpp">
      <Filter>Mesh</Filter>
    </ClCompile>
    <ClCompile Include="Utility\WindowsUtility.cpp">
      <Filter>Utility</Filter>
    </ClCompile>
    <ClCompile Include="Effects\EffectPack.cpp">
      <Filter>Effects</Filter>
    </ClCompile>
    <ClCompile Include="Animation\Components\EffectPackComponent.cpp">
      <Filter>Animation\Components</Filter>
    </ClCompile>
    <ClCompile Include="Doodad\DoodadLayerManager.cpp">
      <Filter>Doodad</Filter>
    </ClCompile>
    <ClCompile Include="Doodad\DoodadLayerProperties.cpp">
      <Filter>Doodad</Filter>
    </ClCompile>
    <ClCompile Include="Doodad\DoodadBuffer.cpp">
      <Filter>Doodad</Filter>
    </ClCompile>
    <ClCompile Include="Utility\CommonDialogs.cpp">
      <Filter>Utility</Filter>
    </ClCompile>
    <ClCompile Include="Animation\Components\ScreenShakeComponent.cpp">
      <Filter>Animation\Components</Filter>
    </ClCompile>
    <ClCompile Include="Mesh\TileMeshRawData.cpp">
      <Filter>Mesh</Filter>
    </ClCompile>
    <ClCompile Include="Trails\TrailsEffect.cpp">
      <Filter>Trails</Filter>
    </ClCompile>
    <ClCompile Include="Animation\Components\TrailsEffectsComponent.cpp">
      <Filter>Animation\Components</Filter>
    </ClCompile>
    <ClCompile Include="Trails\TrailsEffectInstance.cpp">
      <Filter>Trails</Filter>
    </ClCompile>
    <ClCompile Include="Trails\TrailsTrail.cpp">
      <Filter>Trails</Filter>
    </ClCompile>
    <ClCompile Include="Trails\TrailsTemplate.cpp">
      <Filter>Trails</Filter>
    </ClCompile>
    <ClCompile Include="Animation\AnimationSet.cpp">
      <Filter>Animation</Filter>
    </ClCompile>
    <ClCompile Include="Resource\FontResourceFreeType.cpp">
      <Filter>Resource</Filter>
    </ClCompile>
    <ClCompile Include="Resource\FontResourceWindows.cpp">
      <Filter>Resource</Filter>
    </ClCompile>
    <ClCompile Include="Video\Video.cpp">
      <Filter>Video</Filter>
    </ClCompile>
    <ClCompile Include="Animation\Components\SoundParamComponent.cpp">
      <Filter>Animation\Components</Filter>
    </ClCompile>
    <ClCompile Include="Particles\Particle.cpp">
      <Filter>Particles</Filter>
    </ClCompile>
    <ClCompile Include="Preloading\BuffPreloading.cpp">
      <Filter>Preloading</Filter>
    </ClCompile>
    <ClCompile Include="Physics\DeformableMesh.cpp">
      <Filter>Physics</Filter>
    </ClCompile>
    <ClCompile Include="Physics\PhysicsSystem.cpp">
      <Filter>Physics</Filter>
    </ClCompile>
    <ClCompile Include="Physics\WindSource.cpp">
      <Filter>Physics</Filter>
    </ClCompile>
    <ClCompile Include="Animation\AnimationTracks.cpp">
      <Filter>Animation</Filter>
    </ClCompile>
    <ClCompile Include="Animation\Components\WindEventsComponent.cpp">
      <Filter>Animation\Components</Filter>
    </ClCompile>
    <ClCompile Include="Terrain\TerrainEdgePoints.cpp">
      <Filter>Terrain</Filter>
    </ClCompile>
    <ClCompile Include="Utility\AssetCompression.cpp">
      <Filter>Utility</Filter>
    </ClCompile>
    <ClCompile Include="Animation\Components\ClientAttachedAnimatedObjectComponent.cpp">
      <Filter>Animation\Components</Filter>
    </ClCompile>
    <ClCompile Include="Physics\WindSystem.cpp">
      <Filter>Physics</Filter>
    </ClCompile>
    <ClCompile Include="Environment\PlayerSpotLight.cpp">
      <Filter>Environment</Filter>
    </ClCompile>
    <ClCompile Include="GUI2\imgui\imgui.cpp">
      <Filter>GUI2\imgui</Filter>
    </ClCompile>
    <ClCompile Include="GUI2\imgui\imgui_demo.cpp">
      <Filter>GUI2\imgui</Filter>
    </ClCompile>
    <ClCompile Include="GUI2\imgui\imgui_draw.cpp">
      <Filter>GUI2\imgui</Filter>
    </ClCompile>
    <ClCompile Include="GUI2\GUIResourceManager.cpp">
      <Filter>GUI2</Filter>
    </ClCompile>
    <ClCompile Include="GUI2\UIGraphManager.cpp">
      <Filter>GUI2</Filter>
    </ClCompile>
    <ClCompile Include="GUI2\UIParameter.cpp">
      <Filter>GUI2</Filter>
    </ClCompile>
    <ClCompile Include="Effects\EffectsManager.cpp">
      <Filter>Effects</Filter>
    </ClCompile>
    <ClCompile Include="Physics\FluidDynamics\ExperimentalFluidSystem.cpp">
      <Filter>Physics\FluidDynamics</Filter>
    </ClCompile>
    <ClCompile Include="Video\BinkStreamer.cpp">
      <Filter>Video</Filter>
    </ClCompile>
    <ClCompile Include="Python\Interpreter.cpp">
      <Filter>Python</Filter>
    </ClCompile>
    <ClCompile Include="Utility\Gizmo.cpp">
      <Filter>Utility</Filter>
    </ClCompile>
    <ClCompile Include="Utility\GraphInstanceCollection.cpp">
      <Filter>Utility</Filter>
    </ClCompile>
    <ClCompile Include="Animation\Components\ComponentsStatistics.cpp">
      <Filter>Animation\Components</Filter>
    </ClCompile>
    <ClCompile Include="Cheats\CheatScript.cpp">
      <Filter>Cheats</Filter>
    </ClCompile>
    <ClCompile Include="Cheats\CheatsExternal.cpp">
      <Filter>Cheats</Filter>
    </ClCompile>
    <ClCompile Include="GUI2\imgui\imgui_widgets.cpp">
      <Filter>GUI2\imgui</Filter>
    </ClCompile>
    <ClCompile Include="Utility\ToolSettings.cpp">
      <Filter>Utility</Filter>
    </ClCompile>
    <ClCompile Include="GUI2\GUIInstance.cpp">
      <Filter>GUI2</Filter>
    </ClCompile>
    <ClCompile Include="Utility\IMGUI\ToolGUI.cpp">
      <Filter>Utility\IMGUI</Filter>
    </ClCompile>
    <ClCompile Include="Utility\TextureMetadata.cpp">
      <Filter>Utility</Filter>
    </ClCompile>
    <ClCompile Include="Utility\TextureMetadataOld.cpp">
      <Filter>Utility</Filter>
    </ClCompile>
    <ClCompile Include="Utility\IMGUI\DockBuilder.cpp">
      <Filter>Utility\IMGUI</Filter>
    </ClCompile>
    <ClCompile Include="Environment\SettingsBlock.cpp">
      <Filter>Environment</Filter>
    </ClCompile>
    <ClCompile Include="Python\Modules\ImGuiModule.cpp">
      <Filter>Python\Modules</Filter>
    </ClCompile>
    <ClCompile Include="Python\PythonGUI.cpp">
      <Filter>Python</Filter>
    </ClCompile>
    <ClCompile Include="Python\Modules\AppModule.cpp">
      <Filter>Python\Modules</Filter>
    </ClCompile>
    <ClCompile Include="Animation\Components\ClientMeleeComponent.cpp">
      <Filter>Animation\Components</Filter>
    </ClCompile>
    <ClCompile Include="GUI2\imgui\imgui_ex.cpp">
      <Filter>GUI2\imgui</Filter>
    </ClCompile>
    <ClCompile Include="GUI2\GUIConsole.cpp">
      <Filter>GUI2</Filter>
    </ClCompile>
    <ClCompile Include="Python\Modules\MathModule.cpp">
      <Filter>Python\Modules</Filter>
    </ClCompile>
    <ClCompile Include="Animation\Components\ObjectHidingComponent.cpp">
      <Filter>Animation\Components</Filter>
    </ClCompile>
    <ClCompile Include="Utility\IMGUI\UIDebugGUI.cpp">
      <Filter>Utility\IMGUI</Filter>
    </ClCompile>
    <ClCompile Include="GpuParticles\GpuParticleSystem.cpp">
      <Filter>GpuParticles</Filter>
    </ClCompile>
    <ClCompile Include="GUI2\imgui\imgui_tables.cpp">
      <Filter>GUI2\imgui</Filter>
    </ClCompile>
    <ClCompile Include="Utility\JsonUtility.cpp">
      <Filter>Utility</Filter>
    </ClCompile>
    <ClCompile Include="Animation\AnimationSystem.cpp">
      <Filter>Animation</Filter>
    </ClCompile>
    <ClCompile Include="Engine\EngineSystem.cpp">
      <Filter>Engine</Filter>
    </ClCompile>
    <ClCompile Include="Utility\ToolsUtility.cpp">
      <Filter>Utility</Filter>
    </ClCompile>
    <ClCompile Include="Engine\PluginManager.cpp">
      <Filter>Engine</Filter>
    </ClCompile>
    <ClCompile Include="Engine\Plugins\TelemetryPlugin.cpp">
      <Filter>Engine\Plugins</Filter>
    </ClCompile>
    <ClCompile Include="..\Client\Graphical\UI\Controls\InGame\Panels\AtlasScreen\FieldVectorizer.cpp" />
    <ClCompile Include="Engine\Plugins\ProfilePlugin.cpp">
      <Filter>Engine\Plugins</Filter>
    </ClCompile>
    <ClCompile Include="Engine\Plugins\ProfileSystemsPlugin.cpp">
      <Filter>Engine\Plugins</Filter>
    </ClCompile>
    <ClCompile Include="Engine\Plugins\ProfileAllocatorPlugin.cpp">
      <Filter>Engine\Plugins</Filter>
    </ClCompile>
    <ClCompile Include="Engine\Plugins\ProfileDrawCallsPlugin.cpp">
      <Filter>Engine\Plugins</Filter>
    </ClCompile>
    <ClCompile Include="Engine\Plugins\ProfileDevicePlugin.cpp">
      <Filter>Engine\Plugins</Filter>
    </ClCompile>
    <ClCompile Include="Engine\Plugins\ProfileFileAccessPlugin.cpp">
      <Filter>Engine\Plugins</Filter>
    </ClCompile>
    <ClCompile Include="Engine\Plugins\ProfileResourcesPlugin.cpp">
      <Filter>Engine\Plugins</Filter>
    </ClCompile>
    <ClCompile Include="GUI2\CurveControl.cpp">
      <Filter>GUI2</Filter>
    </ClCompile>
    <ClCompile Include="Engine\Plugins\LoggingPlugin.cpp">
      <Filter>Engine\Plugins</Filter>
    </ClCompile>
    <ClCompile Include="Device\All.cpp">
      <Filter>Device</Filter>
    </ClCompile>
    <ClCompile Include="Device\WindowDX.cpp">
      <Filter>Device</Filter>
    </ClCompile>
    <ClCompile Include="Device\ASTC.cpp">
      <Filter>Device</Filter>
    </ClCompile>
    <ClCompile Include="Device\StartupCommand.cpp">
      <Filter>Device</Filter>
    </ClCompile>
    <ClCompile Include="Device\DynamicCulling.cpp">
      <Filter>Device</Filter>
    </ClCompile>
    <ClCompile Include="Renderer\Blit.cpp">
      <Filter>Renderer</Filter>
    </ClCompile>
    <ClCompile Include="Renderer\CachedHLSLShader.cpp">
      <Filter>Renderer</Filter>
    </ClCompile>
    <ClCompile Include="Renderer\CubemapManager.cpp">
      <Filter>Renderer</Filter>
    </ClCompile>
    <ClCompile Include="Renderer\DownsampledRenderTargets.cpp">
      <Filter>Renderer</Filter>
    </ClCompile>
    <ClCompile Include="Renderer\DynamicParameterManager.cpp">
      <Filter>Renderer</Filter>
    </ClCompile>
    <ClCompile Include="Renderer\FragmentLinker.cpp">
      <Filter>Renderer</Filter>
    </ClCompile>
    <ClCompile Include="Renderer\GlobalSamplersReader.cpp">
      <Filter>Renderer</Filter>
    </ClCompile>
    <ClCompile Include="Renderer\GlobalShaderDeclarations.cpp">
      <Filter>Renderer</Filter>
    </ClCompile>
    <ClCompile Include="Renderer\PostProcess.cpp">
      <Filter>Renderer</Filter>
    </ClCompile>
    <ClCompile Include="Renderer\PrecomputedTextures.cpp">
      <Filter>Renderer</Filter>
    </ClCompile>
    <ClCompile Include="Renderer\RendererSettings.cpp">
      <Filter>Renderer</Filter>
    </ClCompile>
    <ClCompile Include="Renderer\RendererSubsystem.cpp">
      <Filter>Renderer</Filter>
    </ClCompile>
    <ClCompile Include="Renderer\ScreenspaceTracer.cpp">
      <Filter>Renderer</Filter>
    </ClCompile>
    <ClCompile Include="Renderer\ShaderCache.cpp">
      <Filter>Renderer</Filter>
    </ClCompile>
    <ClCompile Include="Renderer\ShaderCompilerStatistics.cpp">
      <Filter>Renderer</Filter>
    </ClCompile>
    <ClCompile Include="Renderer\ShaderSystem.cpp">
      <Filter>Renderer</Filter>
    </ClCompile>
    <ClCompile Include="Renderer\ShadowManager.cpp">
      <Filter>Renderer</Filter>
    </ClCompile>
    <ClCompile Include="Renderer\SMAA.cpp">
      <Filter>Renderer</Filter>
    </ClCompile>
    <ClCompile Include="Renderer\TargetResampler.cpp">
      <Filter>Renderer</Filter>
    </ClCompile>
    <ClCompile Include="Renderer\TiledLighting.cpp">
      <Filter>Renderer</Filter>
    </ClCompile>
    <ClCompile Include="Renderer\Utility.cpp">
      <Filter>Renderer</Filter>
    </ClCompile>
    <ClCompile Include="Entity\Component.cpp">
      <Filter>Entity</Filter>
    </ClCompile>
    <ClCompile Include="Entity\EntitySystem.cpp">
      <Filter>Entity</Filter>
    </ClCompile>
    <ClCompile Include="Renderer\Scene\BaseCamera.cpp">
      <Filter>Renderer\Scene</Filter>
    </ClCompile>
    <ClCompile Include="Renderer\Scene\BoneFollowingCamera.cpp">
      <Filter>Renderer\Scene</Filter>
    </ClCompile>
    <ClCompile Include="Renderer\Scene\Camera.cpp">
      <Filter>Renderer\Scene</Filter>
    </ClCompile>
    <ClCompile Include="Renderer\Scene\InGameCamera.cpp">
      <Filter>Renderer\Scene</Filter>
    </ClCompile>
    <ClCompile Include="Renderer\Scene\Light.cpp">
      <Filter>Renderer\Scene</Filter>
    </ClCompile>
    <ClCompile Include="Renderer\Scene\ModelViewerCamera.cpp">
      <Filter>Renderer\Scene</Filter>
    </ClCompile>
    <ClCompile Include="Renderer\Scene\PointLine.cpp">
      <Filter>Renderer\Scene</Filter>
    </ClCompile>
    <ClCompile Include="Renderer\Scene\SceneSystem.cpp">
      <Filter>Renderer\Scene</Filter>
    </ClCompile>
    <ClCompile Include="Renderer\Scene\View.cpp">
      <Filter>Renderer\Scene</Filter>
    </ClCompile>
    <ClCompile Include="Renderer\DrawCalls\Terrain\TerrainMaskSelector.cpp">
      <Filter>Renderer\DrawCalls\Terrain</Filter>
    </ClCompile>
    <ClCompile Include="Renderer\DrawCalls\DrawCall.cpp">
      <Filter>Renderer\DrawCalls</Filter>
    </ClCompile>
    <ClCompile Include="Renderer\DrawCalls\EffectGraph.cpp">
      <Filter>Renderer\DrawCalls</Filter>
    </ClCompile>
    <ClCompile Include="Renderer\DrawCalls\EffectGraphBase.cpp">
      <Filter>Renderer\DrawCalls</Filter>
    </ClCompile>
    <ClCompile Include="Renderer\DrawCalls\EffectGraphInstance.cpp">
      <Filter>Renderer\DrawCalls</Filter>
    </ClCompile>
    <ClCompile Include="Renderer\DrawCalls\EffectGraphNode.cpp">
      <Filter>Renderer\DrawCalls</Filter>
    </ClCompile>
    <ClCompile Include="Renderer\DrawCalls\EffectGraphNodeFactory.cpp">
      <Filter>Renderer\DrawCalls</Filter>
    </ClCompile>
    <ClCompile Include="Renderer\DrawCalls\EffectGraphParameter.cpp">
      <Filter>Renderer\DrawCalls</Filter>
    </ClCompile>
    <ClCompile Include="Renderer\DrawCalls\EffectOrder.cpp">
      <Filter>Renderer\DrawCalls</Filter>
    </ClCompile>
    <ClCompile Include="Renderer\DrawCalls\Uniform.cpp">
      <Filter>Renderer\DrawCalls</Filter>
    </ClCompile>
    <ClCompile Include="Audio\SoundSystem.cpp">
      <Filter>Audio</Filter>
    </ClCompile>
    <ClCompile Include="Audio\SoundSource.cpp">
      <Filter>Audio</Filter>
    </ClCompile>
    <ClCompile Include="Audio\MusicList.cpp">
      <Filter>Audio</Filter>
    </ClCompile>
    <ClCompile Include="Audio\SoundEffects.cpp">
      <Filter>Audio</Filter>
    </ClCompile>
    <ClCompile Include="GUI2\imgui_impl_xbox.cpp">
      <Filter>GUI2\impl</Filter>
    </ClCompile>
    <ClCompile Include="GUI2\imgui_impl_win32.cpp">
      <Filter>GUI2\impl</Filter>
    </ClCompile>
    <ClCompile Include="Gamepad\GamepadState.cpp">
      <Filter>Gamepad</Filter>
    </ClCompile>
    <ClCompile Include="Gamepad\Gamepad.cpp">
      <Filter>Gamepad</Filter>
    </ClCompile>
    <ClCompile Include="GUI2\imgui_impl_ps4.cpp">
      <Filter>GUI2\impl</Filter>
    </ClCompile>
    <ClCompile Include="Device\AllLibs.cpp">
      <Filter>Device</Filter>
    </ClCompile>
    <ClCompile Include="Engine\Plugins\PerformancePlugin.cpp">
      <Filter>Engine\Plugins</Filter>
    </ClCompile>
    <ClCompile Include="GUI2\imgui\misc\cpp\imgui_stdlib.cpp">
      <Filter>GUI2\imgui</Filter>
    </ClCompile>
    <ClCompile Include="Renderer\RenderGraph.cpp">
      <Filter>Renderer</Filter>
    </ClCompile>
    <ClCompile Include="Engine\Plugins\HotkeyPlugin.cpp">
      <Filter>Engine\Plugins</Filter>
    </ClCompile>
    <ClCompile Include="Renderer\EffectGraphSystem.cpp">
      <Filter>Renderer</Filter>
    </ClCompile>
    <ClCompile Include="Gamepad\GamepadManager.cpp">
      <Filter>Gamepad</Filter>
    </ClCompile>
    <ClCompile Include="Gamepad\Devices\GamepadDeviceState.cpp">
      <Filter>Gamepad\Devices</Filter>
    </ClCompile>
    <ClCompile Include="Gamepad\Devices\XInputDevice.cpp">
      <Filter>Gamepad\Devices</Filter>
    </ClCompile>
    <ClCompile Include="Gamepad\Devices\Dualshock4Device.cpp">
      <Filter>Gamepad\Devices</Filter>
    </ClCompile>
    <ClCompile Include="Animation\Components\TimelineParametersComponent.cpp">
      <Filter>Animation\Components</Filter>
    </ClCompile>
    <ClCompile Include="Video\VideoSystem.cpp">
      <Filter>Video</Filter>
    </ClCompile>
    <ClCompile Include="Renderer\DynamicParameterFunctions.cpp">
      <Filter>Renderer</Filter>
    </ClCompile>
    <ClCompile Include="Terrain\TileMaterialOverrides.cpp">
      <Filter>Terrain</Filter>
    </ClCompile>
    <ClCompile Include="Environment\LightEditor.cpp">
      <Filter>Environment</Filter>
    </ClCompile>
    <ClCompile Include="Texture\TextureSystem.cpp">
      <Filter>Texture</Filter>
    </ClCompile>
    <ClCompile Include="Animation\Components\TimelineParametersComponent.cpp">
      <Filter>Animation\Components</Filter>
    </ClCompile>
    <ClCompile Include="Trails\TrailSystem.cpp">
      <Filter>Trails</Filter>
    </ClCompile>
    <ClCompile Include="Particles\ParticleSystem.cpp">
      <Filter>Particles</Filter>
    </ClCompile>
    <ClCompile Include="LUT\LUTSystem.cpp">
      <Filter>LUT</Filter>
    </ClCompile>
    <ClCompile Include="GUI2\imgui_impl_iphoneos.cpp">
      <Filter>GUI2\impl</Filter>
    </ClCompile>
    <ClCompile Include="Renderer\Scene\SubsceneManager.cpp">
      <Filter>Renderer\Scene</Filter>
    </ClCompile>
    <ClCompile Include="GUI2\imgui\implot.cpp">
      <Filter>GUI2\imgui</Filter>
    </ClCompile>
    <ClCompile Include="GUI2\imgui\implot_demo.cpp">
      <Filter>GUI2\imgui</Filter>
    </ClCompile>
    <ClCompile Include="GUI2\imgui\implot_items.cpp">
      <Filter>GUI2\imgui</Filter>
    </ClCompile>
  </ItemGroup>
  <ItemGroup>
    <ClInclude Include="Resource\FontResource.h">
      <Filter>Resource</Filter>
    </ClInclude>
    <ClInclude Include="Mesh\AnimatedMesh.h">
      <Filter>Mesh</Filter>
    </ClInclude>
    <ClInclude Include="Mesh\AnimatedMeshRawData.h">
      <Filter>Mesh</Filter>
    </ClInclude>
    <ClInclude Include="Mesh\AnimatedSkeleton.h">
      <Filter>Mesh</Filter>
    </ClInclude>
    <ClInclude Include="Mesh\FixedMesh.h">
      <Filter>Mesh</Filter>
    </ClInclude>
    <ClInclude Include="Mesh\TileMesh.h">
      <Filter>Mesh</Filter>
    </ClInclude>
    <ClInclude Include="Mesh\TileMeshInstance.h">
      <Filter>Mesh</Filter>
    </ClInclude>
    <ClInclude Include="Utility\DXHelperFunctions.h">
      <Filter>Utility</Filter>
    </ClInclude>
    <ClInclude Include="Utility\InterfaceDrawing.h">
      <Filter>Utility</Filter>
    </ClInclude>
    <ClInclude Include="Material\Material.h">
      <Filter>Material</Filter>
    </ClInclude>
    <ClInclude Include="Skills\PassiveSkillLayout.h">
      <Filter>Skills</Filter>
    </ClInclude>
    <ClInclude Include="Particles\EffectInstance.h">
      <Filter>Particles</Filter>
    </ClInclude>
    <ClInclude Include="Particles\EmitterTemplate.h">
      <Filter>Particles</Filter>
    </ClInclude>
    <ClInclude Include="Particles\Particle.h">
      <Filter>Particles</Filter>
    </ClInclude>
    <ClInclude Include="Particles\ParticleEffect.h">
      <Filter>Particles</Filter>
    </ClInclude>
    <ClInclude Include="Particles\ParticleEmitter.h">
      <Filter>Particles</Filter>
    </ClInclude>
    <ClInclude Include="Animation\Components\AnimatedRenderComponent.h">
      <Filter>Animation\Components</Filter>
    </ClInclude>
    <ClInclude Include="Animation\Components\ClientAnimationControllerComponent.h">
      <Filter>Animation\Components</Filter>
    </ClInclude>
    <ClInclude Include="Animation\Components\SkinMeshComponent.h">
      <Filter>Animation\Components</Filter>
    </ClInclude>
    <ClInclude Include="Animation\Components\VisualAnimationComponentRegistration.h">
      <Filter>Animation\Components</Filter>
    </ClInclude>
    <ClInclude Include="Animation\Components\SoundEventsComponent.h">
      <Filter>Animation\Components</Filter>
    </ClInclude>
    <ClInclude Include="Animation\Components\ParticleEffectsComponent.h">
      <Filter>Animation\Components</Filter>
    </ClInclude>
    <ClInclude Include="Animation\Components\BoneGroupsComponent.h">
      <Filter>Animation\Components</Filter>
    </ClInclude>
    <ClInclude Include="Utility\ScreenshotTool.h">
      <Filter>Utility</Filter>
    </ClInclude>
    <ClInclude Include="Animation\Components\LightsComponent.h">
      <Filter>Animation\Components</Filter>
    </ClInclude>
    <ClInclude Include="Animation\Components\FixedMeshComponent.h">
      <Filter>Animation\Components</Filter>
    </ClInclude>
    <ClInclude Include="Terrain\GridVisualisation.h">
      <Filter>Terrain</Filter>
    </ClInclude>
    <ClInclude Include="Environment\EnvironmentSettings.h">
      <Filter>Environment</Filter>
    </ClInclude>
    <ClInclude Include="Environment\EnvironmentEditor.h">
      <Filter>Environment</Filter>
    </ClInclude>
    <ClInclude Include="Terrain\MinimapTile.h">
      <Filter>Terrain</Filter>
    </ClInclude>
    <ClInclude Include="Terrain\MinimapTilePack.h">
      <Filter>Terrain</Filter>
    </ClInclude>
    <ClInclude Include="Terrain\Minimap.h">
      <Filter>Terrain</Filter>
    </ClInclude>
    <ClInclude Include="Utility\GraphControl.h">
      <Filter>Utility</Filter>
    </ClInclude>
    <ClInclude Include="Precompiled\Precompiled.h">
      <Filter>Precompiled</Filter>
    </ClInclude>
    <ClInclude Include="Utility\WindowsUtility.h">
      <Filter>Utility</Filter>
    </ClInclude>
    <ClInclude Include="Material\MaterialAtlas.h">
      <Filter>Material</Filter>
    </ClInclude>
    <ClInclude Include="Decals\DecalBuffer.h">
      <Filter>Decals</Filter>
    </ClInclude>
    <ClInclude Include="Decals\DecalDataSource.h">
      <Filter>Decals</Filter>
    </ClInclude>
    <ClInclude Include="Decals\DecalGroup.h">
      <Filter>Decals</Filter>
    </ClInclude>
    <ClInclude Include="Decals\DecalManager.h">
      <Filter>Decals</Filter>
    </ClInclude>
    <ClInclude Include="Decals\Decal.h">
      <Filter>Decals</Filter>
    </ClInclude>
    <ClInclude Include="Utility\DXBuffer.h">
      <Filter>Utility</Filter>
    </ClInclude>
    <ClInclude Include="Animation\Components\DecalEventsComponent.h">
      <Filter>Animation\Components</Filter>
    </ClInclude>
    <ClInclude Include="Mesh\FixedLight.h">
      <Filter>Mesh</Filter>
    </ClInclude>
    <ClInclude Include="Mesh\AnimatedLightState.h">
      <Filter>Mesh</Filter>
    </ClInclude>
    <ClInclude Include="Effects\EffectPack.h">
      <Filter>Effects</Filter>
    </ClInclude>
    <ClInclude Include="Animation\Components\EffectPackComponent.h">
      <Filter>Animation\Components</Filter>
    </ClInclude>
    <ClInclude Include="Terrain\MinimapDataSource.h">
      <Filter>Terrain</Filter>
    </ClInclude>
    <ClInclude Include="Doodad\DoodadLayerManager.h">
      <Filter>Doodad</Filter>
    </ClInclude>
    <ClInclude Include="Doodad\DoodadCommon.h">
      <Filter>Doodad</Filter>
    </ClInclude>
    <ClInclude Include="Doodad\DoodadLayerProperties.h">
      <Filter>Doodad</Filter>
    </ClInclude>
    <ClInclude Include="Doodad\DoodadBuffer.h">
      <Filter>Doodad</Filter>
    </ClInclude>
    <ClInclude Include="Doodad\DoodadLayerDataSource.h">
      <Filter>Doodad</Filter>
    </ClInclude>
    <ClInclude Include="Utility\ThreadSafeList.h">
      <Filter>Utility</Filter>
    </ClInclude>
    <ClInclude Include="Utility\CommonDialogs.h">
      <Filter>Utility</Filter>
    </ClInclude>
    <ClInclude Include="Animation\Components\ScreenShakeComponent.h">
      <Filter>Animation\Components</Filter>
    </ClInclude>
    <ClInclude Include="Mesh\TileMeshRawData.h">
      <Filter>Mesh</Filter>
    </ClInclude>
    <ClInclude Include="Geometry\Vector4d.h">
      <Filter>Geometry</Filter>
    </ClInclude>
    <ClInclude Include="Geometry\Vector4dByte.h">
      <Filter>Geometry</Filter>
    </ClInclude>
    <ClInclude Include="Trails\TrailsEffect.h">
      <Filter>Trails</Filter>
    </ClInclude>
    <ClInclude Include="Animation\Components\TrailsEffectsComponent.h">
      <Filter>Animation\Components</Filter>
    </ClInclude>
    <ClInclude Include="Trails\TrailsEffectInstance.h">
      <Filter>Trails</Filter>
    </ClInclude>
    <ClInclude Include="Trails\TrailsTrail.h">
      <Filter>Trails</Filter>
    </ClInclude>
    <ClInclude Include="Trails\TrailsTemplate.h">
      <Filter>Trails</Filter>
    </ClInclude>
    <ClInclude Include="Trails\TrailSegment.h">
      <Filter>Trails</Filter>
    </ClInclude>
    <ClInclude Include="Utility\resource.h">
      <Filter>Utility</Filter>
    </ClInclude>
    <ClInclude Include="Resource\FontResourceFreeType.h">
      <Filter>Resource</Filter>
    </ClInclude>
    <ClInclude Include="Resource\FontResourceWindows.h">
      <Filter>Resource</Filter>
    </ClInclude>
    <ClInclude Include="Video\Video.h">
      <Filter>Video</Filter>
    </ClInclude>
    <ClInclude Include="Profiler\JobProfile.h">
      <Filter>Profile</Filter>
    </ClInclude>
    <ClInclude Include="Animation\Components\SoundParamComponent.h">
      <Filter>Animation\Components</Filter>
    </ClInclude>
    <ClInclude Include="Animation\AnimationSet.h">
      <Filter>Animation</Filter>
    </ClInclude>
    <ClInclude Include="Preloading\BuffPreloading.h">
      <Filter>Preloading</Filter>
    </ClInclude>
    <ClInclude Include="Physics\DeformableMesh.h">
      <Filter>Physics</Filter>
    </ClInclude>
    <ClInclude Include="Physics\ParticleInfo.h">
      <Filter>Physics</Filter>
    </ClInclude>
    <ClInclude Include="Physics\PhysicsSystem.h">
      <Filter>Physics</Filter>
    </ClInclude>
    <ClInclude Include="Physics\WindSource.h">
      <Filter>Physics</Filter>
    </ClInclude>
    <ClInclude Include="Physics\Utils\CachedArray.h">
      <Filter>Physics\Utils</Filter>
    </ClInclude>
    <ClInclude Include="Physics\ParticlePhysics\AosParticleSystem.h">
      <Filter>Physics\ParticlePhysics</Filter>
    </ClInclude>
    <ClInclude Include="Physics\ParticlePhysics\ParticleSystem.h">
      <Filter>Physics\ParticlePhysics</Filter>
    </ClInclude>
    <ClInclude Include="Physics\Maths\AABB2.h">
      <Filter>Physics\Maths</Filter>
    </ClInclude>
    <ClInclude Include="Physics\Maths\AABB3.h">
      <Filter>Physics\Maths</Filter>
    </ClInclude>
    <ClInclude Include="Physics\Maths\Coords2.h">
      <Filter>Physics\Maths</Filter>
    </ClInclude>
    <ClInclude Include="Physics\Maths\Coords3.h">
      <Filter>Physics\Maths</Filter>
    </ClInclude>
    <ClInclude Include="Physics\Maths\Ellipsoid.h">
      <Filter>Physics\Maths</Filter>
    </ClInclude>
    <ClInclude Include="Physics\Maths\Mass.h">
      <Filter>Physics\Maths</Filter>
    </ClInclude>
    <ClInclude Include="Physics\Maths\Matrix2x2.h">
      <Filter>Physics\Maths</Filter>
    </ClInclude>
    <ClInclude Include="Physics\Maths\Matrix3x3.h">
      <Filter>Physics\Maths</Filter>
    </ClInclude>
    <ClInclude Include="Physics\Maths\MatrixInv.h">
      <Filter>Physics\Maths</Filter>
    </ClInclude>
    <ClInclude Include="Physics\Maths\MatrixMaths.h">
      <Filter>Physics\Maths</Filter>
    </ClInclude>
    <ClInclude Include="Physics\Maths\NonlinearSolvers.h">
      <Filter>Physics\Maths</Filter>
    </ClInclude>
    <ClInclude Include="Physics\Maths\Polynomial.h">
      <Filter>Physics\Maths</Filter>
    </ClInclude>
    <ClInclude Include="Physics\Maths\Random.h">
      <Filter>Physics\Maths</Filter>
    </ClInclude>
    <ClInclude Include="Physics\Maths\Spaces.h">
      <Filter>Physics\Maths</Filter>
    </ClInclude>
    <ClInclude Include="Physics\Maths\Sphere.h">
      <Filter>Physics\Maths</Filter>
    </ClInclude>
    <ClInclude Include="Physics\Maths\Tensor2.h">
      <Filter>Physics\Maths</Filter>
    </ClInclude>
    <ClInclude Include="Physics\Maths\Tensor3.h">
      <Filter>Physics\Maths</Filter>
    </ClInclude>
    <ClInclude Include="Physics\Maths\Util.h">
      <Filter>Physics\Maths</Filter>
    </ClInclude>
    <ClInclude Include="Physics\Maths\Vector2.h">
      <Filter>Physics\Maths</Filter>
    </ClInclude>
    <ClInclude Include="Physics\Maths\Vector3.h">
      <Filter>Physics\Maths</Filter>
    </ClInclude>
    <ClInclude Include="Physics\Maths\VectorMaths.h">
      <Filter>Physics\Maths</Filter>
    </ClInclude>
    <ClInclude Include="Animation\AnimationTracks.h">
      <Filter>Animation</Filter>
    </ClInclude>
    <ClInclude Include="Terrain\TerrainEdgePoints.h">
      <Filter>Terrain</Filter>
    </ClInclude>
    <ClInclude Include="Utility\AssetCompression.h">
      <Filter>Utility</Filter>
    </ClInclude>
    <ClInclude Include="Animation\Components\ClientAttachedAnimatedObjectComponent.h">
      <Filter>Animation\Components</Filter>
    </ClInclude>
    <ClInclude Include="Physics\Handles.h">
      <Filter>Physics</Filter>
    </ClInclude>
    <ClInclude Include="Physics\WindSystem.h">
      <Filter>Physics</Filter>
    </ClInclude>
    <ClInclude Include="Environment\PlayerSpotLight.h">
      <Filter>Environment</Filter>
    </ClInclude>
    <ClInclude Include="Physics\Maths\Box.h">
      <Filter>Physics\Maths</Filter>
    </ClInclude>
    <ClInclude Include="Physics\Maths\Capsule.h">
      <Filter>Physics\Maths</Filter>
    </ClInclude>
    <ClInclude Include="GUI2\imgui\imconfig.h">
      <Filter>GUI2\imgui</Filter>
    </ClInclude>
    <ClInclude Include="GUI2\imgui\imgui.h">
      <Filter>GUI2\imgui</Filter>
    </ClInclude>
    <ClInclude Include="GUI2\imgui\imgui_internal.h">
      <Filter>GUI2\imgui</Filter>
    </ClInclude>
    <ClInclude Include="GUI2\GUIResourceManager.h">
      <Filter>GUI2</Filter>
    </ClInclude>
    <ClInclude Include="GUI2\UIGraphManager.h">
      <Filter>GUI2</Filter>
    </ClInclude>
    <ClInclude Include="GUI2\UIParameter.h">
      <Filter>GUI2</Filter>
    </ClInclude>
    <ClInclude Include="Effects\EffectsManager.h">
      <Filter>Effects</Filter>
    </ClInclude>
    <ClInclude Include="Physics\FluidDynamics\Storage.h">
      <Filter>Physics\FluidDynamics</Filter>
    </ClInclude>
    <ClInclude Include="Physics\FluidDynamics\AlgebraicMultigridSolver.h">
      <Filter>Physics\FluidDynamics</Filter>
    </ClInclude>
    <ClInclude Include="Physics\FluidDynamics\FluidSystem.h">
      <Filter>Physics\FluidDynamics</Filter>
    </ClInclude>
    <ClInclude Include="Animation\Components\ClientAnimationControllerComponentListener.h">
      <Filter>Animation\Components</Filter>
    </ClInclude>
    <ClInclude Include="Video\BinkStreamer.h">
      <Filter>Video</Filter>
    </ClInclude>
    <ClInclude Include="Python\Interpreter.h">
      <Filter>Python</Filter>
    </ClInclude>
    <ClInclude Include="Utility\Gizmo.h">
      <Filter>Utility</Filter>
    </ClInclude>
    <ClInclude Include="Animation\Components\ComponentsStatistics.h">
      <Filter>Animation\Components</Filter>
    </ClInclude>
    <ClInclude Include="Utility\GraphInstanceCollection.h">
      <Filter>Utility</Filter>
    </ClInclude>
    <ClInclude Include="Cheats\CheatScript.h">
      <Filter>Cheats</Filter>
    </ClInclude>
    <ClInclude Include="Cheats\CheatsExternal.h">
      <Filter>Cheats</Filter>
    </ClInclude>
    <ClInclude Include="Environment\SettingsBlock.h">
      <Filter>Environment</Filter>
    </ClInclude>
    <ClInclude Include="GUI2\imgui\imstb_rectpack.h">
      <Filter>GUI2\imgui</Filter>
    </ClInclude>
    <ClInclude Include="GUI2\imgui\imstb_textedit.h">
      <Filter>GUI2\imgui</Filter>
    </ClInclude>
    <ClInclude Include="GUI2\imgui\imstb_truetype.h">
      <Filter>GUI2\imgui</Filter>
    </ClInclude>
    <ClInclude Include="Utility\ToolSettings.h">
      <Filter>Utility</Filter>
    </ClInclude>
    <ClInclude Include="Utility\IMGUI\DebugGUIDefines.h">
      <Filter>Utility\IMGUI</Filter>
    </ClInclude>
    <ClInclude Include="GUI2\GUIInstance.h">
      <Filter>GUI2</Filter>
    </ClInclude>
    <ClInclude Include="Utility\IMGUI\ToolGUI.h">
      <Filter>Utility\IMGUI</Filter>
    </ClInclude>
    <ClInclude Include="Utility\TextureMetadata.h">
      <Filter>Utility</Filter>
    </ClInclude>
    <ClInclude Include="Utility\TextureMetadataOld.h">
      <Filter>Utility</Filter>
    </ClInclude>
    <ClInclude Include="GUI2\imgui\imgui_user.h">
      <Filter>GUI2\imgui</Filter>
    </ClInclude>
    <ClInclude Include="Utility\IMGUI\DockBuilder.h">
      <Filter>Utility\IMGUI</Filter>
    </ClInclude>
    <ClInclude Include="Environment\EnvironmentParamIds.h">
      <Filter>Environment</Filter>
    </ClInclude>
    <ClInclude Include="Python\ModuleRegistration.h">
      <Filter>Python</Filter>
    </ClInclude>
    <ClInclude Include="Python\Modules\ImGuiModule.h">
      <Filter>Python\Modules</Filter>
    </ClInclude>
    <ClInclude Include="Python\PythonGUI.h">
      <Filter>Python</Filter>
    </ClInclude>
    <ClInclude Include="Python\Modules\AppModule.h">
      <Filter>Python\Modules</Filter>
    </ClInclude>
    <ClInclude Include="Mesh\BoneConstants.h">
      <Filter>Mesh</Filter>
    </ClInclude>
    <ClInclude Include="Animation\Components\ClientMeleeComponent.h">
      <Filter>Animation\Components</Filter>
    </ClInclude>
    <ClInclude Include="GUI2\imgui\imgui_ex.h">
      <Filter>GUI2\imgui</Filter>
    </ClInclude>
    <ClInclude Include="GUI2\GUIConsole.h">
      <Filter>GUI2</Filter>
    </ClInclude>
    <ClInclude Include="Python\Modules\MathModule.h">
      <Filter>Python\Modules</Filter>
    </ClInclude>
    <ClInclude Include="Animation\Components\ObjectHidingComponent.h">
      <Filter>Animation\Components</Filter>
    </ClInclude>
    <ClInclude Include="Material\MaterialOverride.h">
      <Filter>Material</Filter>
    </ClInclude>
    <ClInclude Include="Utility\IMGUI\UIDebugGUI.h">
      <Filter>Utility\IMGUI</Filter>
    </ClInclude>
    <ClInclude Include="GUI2\Icons.h">
      <Filter>GUI2</Filter>
    </ClInclude>
    <ClInclude Include="GpuParticles\GpuParticleSystem.h">
      <Filter>GpuParticles</Filter>
    </ClInclude>
    <ClInclude Include="Terrain\MinimapRendering.h">
      <Filter>Terrain</Filter>
    </ClInclude>
    <ClInclude Include="Animation\AnimationTracksInterpolation.inl">
      <Filter>Animation</Filter>
    </ClInclude>
    <ClInclude Include="Utility\JsonUtility.h">
      <Filter>Utility</Filter>
    </ClInclude>
    <ClInclude Include="Mesh\VertexLayout.h">
      <Filter>Mesh</Filter>
    </ClInclude>
    <ClInclude Include="Animation\AnimationSystem.h">
      <Filter>Animation</Filter>
    </ClInclude>
    <ClInclude Include="Engine\EngineSystem.h">
      <Filter>Engine</Filter>
    </ClInclude>
    <ClInclude Include="Utility\ToolsUtility.h">
      <Filter>Utility</Filter>
    </ClInclude>
    <ClInclude Include="Mesh\AnimatedSkeletonDataStructures.h">
      <Filter>Mesh</Filter>
    </ClInclude>
    <ClInclude Include="Mesh\FixedMeshDataStructures.h">
      <Filter>Mesh</Filter>
    </ClInclude>
    <ClInclude Include="Mesh\SkinnedMeshDataStructures.h">
      <Filter>Mesh</Filter>
    </ClInclude>
    <ClInclude Include="Mesh\TileMeshDataStructures.h">
      <Filter>Mesh</Filter>
    </ClInclude>
    <ClInclude Include="Engine\PluginManager.h">
      <Filter>Engine</Filter>
    </ClInclude>
    <ClInclude Include="Engine\Plugins\TelemetryPlugin.h">
      <Filter>Engine\Plugins</Filter>
    </ClInclude>
    <ClInclude Include="..\Client\Graphical\UI\Controls\InGame\Panels\AtlasScreen\FieldVectorizer.h" />
    <ClInclude Include="Engine\Plugins\ProfilePlugin.h">
      <Filter>Engine\Plugins</Filter>
    </ClInclude>
    <ClInclude Include="Engine\Plugins\ProfileSystemsPlugin.h">
      <Filter>Engine\Plugins</Filter>
    </ClInclude>
    <ClInclude Include="Engine\Plugins\ProfileAllocatorPlugin.h">
      <Filter>Engine\Plugins</Filter>
    </ClInclude>
    <ClInclude Include="Engine\Plugins\ProfileDrawCallsPlugin.h">
      <Filter>Engine\Plugins</Filter>
    </ClInclude>
    <ClInclude Include="Engine\Plugins\ProfileDevicePlugin.h">
      <Filter>Engine\Plugins</Filter>
    </ClInclude>
    <ClInclude Include="Engine\Plugins\ProfileFileAccessPlugin.h">
      <Filter>Engine\Plugins</Filter>
    </ClInclude>
    <ClInclude Include="Engine\Plugins\ProfileResourcesPlugin.h">
      <Filter>Engine\Plugins</Filter>
    </ClInclude>
    <ClInclude Include="GUI2\CurveControl.h">
      <Filter>GUI2</Filter>
    </ClInclude>
    <ClInclude Include="Engine\Plugins\LoggingPlugin.h">
      <Filter>Engine\Plugins</Filter>
    </ClInclude>
    <ClInclude Include="Device\ASTC.h">
      <Filter>Device</Filter>
    </ClInclude>
    <ClInclude Include="Device\binktextures.h">
      <Filter>Device</Filter>
    </ClInclude>
    <ClInclude Include="Device\Buffer.h">
      <Filter>Device</Filter>
    </ClInclude>
    <ClInclude Include="Device\Compiler.h">
      <Filter>Device</Filter>
    </ClInclude>
    <ClInclude Include="Device\Constants.h">
      <Filter>Device</Filter>
    </ClInclude>
    <ClInclude Include="Device\DDS.h">
      <Filter>Device</Filter>
    </ClInclude>
    <ClInclude Include="Device\Device.h">
      <Filter>Device</Filter>
    </ClInclude>
    <ClInclude Include="Device\DeviceInfo.h">
      <Filter>Device</Filter>
    </ClInclude>
    <ClInclude Include="Device\DynamicCulling.h">
      <Filter>Device</Filter>
    </ClInclude>
    <ClInclude Include="Device\DynamicResolution.h">
      <Filter>Device</Filter>
    </ClInclude>
    <ClInclude Include="Device\Font.h">
      <Filter>Device</Filter>
    </ClInclude>
    <ClInclude Include="Device\IndexBuffer.h">
      <Filter>Device</Filter>
    </ClInclude>
    <ClInclude Include="Device\JPG.h">
      <Filter>Device</Filter>
    </ClInclude>
    <ClInclude Include="Device\KTX.h">
      <Filter>Device</Filter>
    </ClInclude>
    <ClInclude Include="Device\Line.h">
      <Filter>Device</Filter>
    </ClInclude>
    <ClInclude Include="Device\PNG.h">
      <Filter>Device</Filter>
    </ClInclude>
    <ClInclude Include="Device\Profile.h">
      <Filter>Device</Filter>
    </ClInclude>
    <ClInclude Include="Device\RenderTarget.h">
      <Filter>Device</Filter>
    </ClInclude>
    <ClInclude Include="Device\Resource.h">
      <Filter>Device</Filter>
    </ClInclude>
    <ClInclude Include="Device\rr_dds.h">
      <Filter>Device</Filter>
    </ClInclude>
    <ClInclude Include="Device\Sampler.h">
      <Filter>Device</Filter>
    </ClInclude>
    <ClInclude Include="Device\Shader.h">
      <Filter>Device</Filter>
    </ClInclude>
    <ClInclude Include="Device\SpriteBatch.h">
      <Filter>Device</Filter>
    </ClInclude>
    <ClInclude Include="Device\StartupCommand.h">
      <Filter>Device</Filter>
    </ClInclude>
    <ClInclude Include="Device\State.h">
      <Filter>Device</Filter>
    </ClInclude>
    <ClInclude Include="Device\stb_image.h">
      <Filter>Device</Filter>
    </ClInclude>
    <ClInclude Include="Device\stb_image_resize.h">
      <Filter>Device</Filter>
    </ClInclude>
    <ClInclude Include="Device\stb_image_write.h">
      <Filter>Device</Filter>
    </ClInclude>
    <ClInclude Include="Device\SwapChain.h">
      <Filter>Device</Filter>
    </ClInclude>
    <ClInclude Include="Device\Texture.h">
      <Filter>Device</Filter>
    </ClInclude>
    <ClInclude Include="Device\Timer.h">
      <Filter>Device</Filter>
    </ClInclude>
    <ClInclude Include="Device\VertexBuffer.h">
      <Filter>Device</Filter>
    </ClInclude>
    <ClInclude Include="Device\VertexDeclaration.h">
      <Filter>Device</Filter>
    </ClInclude>
    <ClInclude Include="Device\WindowDX.h">
      <Filter>Device</Filter>
    </ClInclude>
    <ClInclude Include="Renderer\Blit.h">
      <Filter>Renderer</Filter>
    </ClInclude>
    <ClInclude Include="Renderer\CachedHLSLShader.h">
      <Filter>Renderer</Filter>
    </ClInclude>
    <ClInclude Include="Renderer\CubemapManager.h">
      <Filter>Renderer</Filter>
    </ClInclude>
    <ClInclude Include="Renderer\DownsampledRenderTargets.h">
      <Filter>Renderer</Filter>
    </ClInclude>
    <ClInclude Include="Renderer\DynamicParameterManager.h">
      <Filter>Renderer</Filter>
    </ClInclude>
    <ClInclude Include="Renderer\DynamicParameterRegistration.h">
      <Filter>Renderer</Filter>
    </ClInclude>
    <ClInclude Include="Renderer\FragmentLinker.h">
      <Filter>Renderer</Filter>
    </ClInclude>
    <ClInclude Include="Renderer\FragmentVersion.h">
      <Filter>Renderer</Filter>
    </ClInclude>
    <ClInclude Include="Renderer\GlobalSamplersReader.h">
      <Filter>Renderer</Filter>
    </ClInclude>
    <ClInclude Include="Renderer\GlobalShaderDeclarations.h">
      <Filter>Renderer</Filter>
    </ClInclude>
    <ClInclude Include="Renderer\IRendererSubsystem.h">
      <Filter>Renderer</Filter>
    </ClInclude>
    <ClInclude Include="Renderer\PostProcess.h">
      <Filter>Renderer</Filter>
    </ClInclude>
    <ClInclude Include="Renderer\Precompiled.h">
      <Filter>Renderer</Filter>
    </ClInclude>
    <ClInclude Include="Renderer\PrecomputedTextures.h">
      <Filter>Renderer</Filter>
    </ClInclude>
    <ClInclude Include="Renderer\RendererSettings.h">
      <Filter>Renderer</Filter>
    </ClInclude>
    <ClInclude Include="Renderer\RendererSubsystem.h">
      <Filter>Renderer</Filter>
    </ClInclude>
    <ClInclude Include="Renderer\ScreenspaceTracer.h">
      <Filter>Renderer</Filter>
    </ClInclude>
    <ClInclude Include="Renderer\ShaderCache.h">
      <Filter>Renderer</Filter>
    </ClInclude>
    <ClInclude Include="Renderer\ShaderCompilerStatistics.h">
      <Filter>Renderer</Filter>
    </ClInclude>
    <ClInclude Include="Renderer\ShaderSystem.h">
      <Filter>Renderer</Filter>
    </ClInclude>
    <ClInclude Include="Renderer\ShadowManager.h">
      <Filter>Renderer</Filter>
    </ClInclude>
    <ClInclude Include="Renderer\SMAA.h">
      <Filter>Renderer</Filter>
    </ClInclude>
    <ClInclude Include="Renderer\TargetResampler.h">
      <Filter>Renderer</Filter>
    </ClInclude>
    <ClInclude Include="Renderer\TextureMapping.h">
      <Filter>Renderer</Filter>
    </ClInclude>
    <ClInclude Include="Renderer\TiledLighting.h">
      <Filter>Renderer</Filter>
    </ClInclude>
    <ClInclude Include="Renderer\Utility.h">
      <Filter>Renderer</Filter>
    </ClInclude>
    <ClInclude Include="Entity\Component.h">
      <Filter>Entity</Filter>
    </ClInclude>
    <ClInclude Include="Entity\EntitySystem.h">
      <Filter>Entity</Filter>
    </ClInclude>
    <ClInclude Include="Renderer\Scene\BaseCamera.h">
      <Filter>Renderer\Scene</Filter>
    </ClInclude>
    <ClInclude Include="Renderer\Scene\BoneFollowingCamera.h">
      <Filter>Renderer\Scene</Filter>
    </ClInclude>
    <ClInclude Include="Renderer\Scene\Camera.h">
      <Filter>Renderer\Scene</Filter>
    </ClInclude>
    <ClInclude Include="Renderer\Scene\InGameCamera.h">
      <Filter>Renderer\Scene</Filter>
    </ClInclude>
    <ClInclude Include="Renderer\Scene\Light.h">
      <Filter>Renderer\Scene</Filter>
    </ClInclude>
    <ClInclude Include="Renderer\Scene\ModelViewerCamera.h">
      <Filter>Renderer\Scene</Filter>
    </ClInclude>
    <ClInclude Include="Renderer\Scene\PointLine.h">
      <Filter>Renderer\Scene</Filter>
    </ClInclude>
    <ClInclude Include="Renderer\Scene\SceneDataSource.h">
      <Filter>Renderer\Scene</Filter>
    </ClInclude>
    <ClInclude Include="Renderer\Scene\SceneSystem.h">
      <Filter>Renderer\Scene</Filter>
    </ClInclude>
    <ClInclude Include="Renderer\Scene\View.h">
      <Filter>Renderer\Scene</Filter>
    </ClInclude>
    <ClInclude Include="Renderer\Scene\ViewRectangle.h">
      <Filter>Renderer\Scene</Filter>
    </ClInclude>
    <ClInclude Include="Renderer\Scene\WaterMarkupData.h">
      <Filter>Renderer\Scene</Filter>
    </ClInclude>
    <ClInclude Include="Renderer\DrawCalls\Terrain\TerrainMaskSelector.h">
      <Filter>Renderer\DrawCalls\Terrain</Filter>
    </ClInclude>
    <ClInclude Include="Renderer\DrawCalls\BaseEffect.h">
      <Filter>Renderer\DrawCalls</Filter>
    </ClInclude>
    <ClInclude Include="Renderer\DrawCalls\DrawCall.h">
      <Filter>Renderer\DrawCalls</Filter>
    </ClInclude>
    <ClInclude Include="Renderer\DrawCalls\DrawDataNames.h">
      <Filter>Renderer\DrawCalls</Filter>
    </ClInclude>
    <ClInclude Include="Renderer\DrawCalls\EffectGraph.h">
      <Filter>Renderer\DrawCalls</Filter>
    </ClInclude>
    <ClInclude Include="Renderer\DrawCalls\EffectGraphBase.h">
      <Filter>Renderer\DrawCalls</Filter>
    </ClInclude>
    <ClInclude Include="Renderer\DrawCalls\EffectGraphInstance.h">
      <Filter>Renderer\DrawCalls</Filter>
    </ClInclude>
    <ClInclude Include="Renderer\DrawCalls\EffectGraphNode.h">
      <Filter>Renderer\DrawCalls</Filter>
    </ClInclude>
    <ClInclude Include="Renderer\DrawCalls\EffectGraphNodeFactory.h">
      <Filter>Renderer\DrawCalls</Filter>
    </ClInclude>
    <ClInclude Include="Renderer\DrawCalls\EffectGraphParameter.h">
      <Filter>Renderer\DrawCalls</Filter>
    </ClInclude>
    <ClInclude Include="Renderer\DrawCalls\EffectOrder.h">
      <Filter>Renderer\DrawCalls</Filter>
    </ClInclude>
    <ClInclude Include="Renderer\DrawCalls\ShaderStage.h">
      <Filter>Renderer\DrawCalls</Filter>
    </ClInclude>
    <ClInclude Include="Renderer\DrawCalls\Uniform.h">
      <Filter>Renderer\DrawCalls</Filter>
    </ClInclude>
    <ClInclude Include="Audio\SoundSystem.h">
      <Filter>Audio</Filter>
    </ClInclude>
    <ClInclude Include="Audio\State.h">
      <Filter>Audio</Filter>
    </ClInclude>
    <ClInclude Include="Audio\Internal\Fmod.h">
      <Filter>Audio\Internal</Filter>
    </ClInclude>
    <ClInclude Include="Audio\Internal\Stats.h">
      <Filter>Audio\Internal</Filter>
    </ClInclude>
    <ClInclude Include="Audio\SoundSource.h">
      <Filter>Audio</Filter>
    </ClInclude>
    <ClInclude Include="Audio\MusicList.h">
      <Filter>Audio</Filter>
    </ClInclude>
    <ClInclude Include="Audio\SoundEffects.h">
      <Filter>Audio</Filter>
    </ClInclude>
    <ClInclude Include="GUI2\ImGuiImplPlatform.h">
      <Filter>GUI2\impl</Filter>
    </ClInclude>
    <ClInclude Include="Gamepad\GamepadState.h">
      <Filter>Gamepad</Filter>
    </ClInclude>
    <ClInclude Include="Gamepad\Gamepad.h">
      <Filter>Gamepad</Filter>
    </ClInclude>
    <ClInclude Include="Device\AllDefines.h">
      <Filter>Device</Filter>
    </ClInclude>
    <ClInclude Include="Engine\Plugins\PerformancePlugin.h">
      <Filter>Engine\Plugins</Filter>
    </ClInclude>
    <ClInclude Include="GUI2\imgui\misc\cpp\imgui_stdlib.h">
      <Filter>GUI2\imgui</Filter>
    </ClInclude>
    <ClInclude Include="Engine\Plugins\HotkeyPlugin.h">
      <Filter>Engine\Plugins</Filter>
    </ClInclude>
    <ClInclude Include="GpuParticles\BuddyAllocator.h">
      <Filter>GpuParticles</Filter>
    </ClInclude>
    <ClInclude Include="Gamepad\GamepadManager.h">
      <Filter>Gamepad</Filter>
    </ClInclude>
    <ClInclude Include="Gamepad\Devices\XInputDevice.h">
      <Filter>Gamepad\Devices</Filter>
    </ClInclude>
    <ClInclude Include="Gamepad\Devices\GamepadDeviceState.h">
      <Filter>Gamepad\Devices</Filter>
    </ClInclude>
    <ClInclude Include="Gamepad\Devices\Dualshock4Device.h">
      <Filter>Gamepad\Devices</Filter>
    </ClInclude>
    <ClInclude Include="Gamepad\Devices\GamepadDeviceTypes.h">
      <Filter>Gamepad\Devices</Filter>
    </ClInclude>
    <ClInclude Include="Gamepad\GamepadManagerListener.h" />
    <ClInclude Include="Animation\Components\TimelineParametersComponent.h">
      <Filter>Animation\Components</Filter>
    </ClInclude>
    <ClInclude Include="Video\VideoSystem.h">
      <Filter>Video</Filter>
    </ClInclude>
    <ClInclude Include="Renderer\DynamicParameterFunctions.h">
      <Filter>Renderer</Filter>
    </ClInclude>
    <ClInclude Include="Terrain\TileMaterialOverrides.h">
      <Filter>Terrain</Filter>
    </ClInclude>
    <ClInclude Include="Environment\LightEditor.h">
      <Filter>Environment</Filter>
    </ClInclude>
    <ClInclude Include="Texture\TextureSystem.h">
      <Filter>Texture</Filter>
    </ClInclude>
    <ClInclude Include="Animation\Components\TimelineParametersComponent.h">
      <Filter>Animation\Components</Filter>
    </ClInclude>
    <ClInclude Include="Trails\TrailSystem.h">
      <Filter>Trails</Filter>
    </ClInclude>
    <ClInclude Include="Particles\ParticleSystem.h">
      <Filter>Particles</Filter>
    </ClInclude>
    <ClInclude Include="LUT\LUTSystem.h">
      <Filter>LUT</Filter>
    </ClInclude>
    <ClInclude Include="Renderer\Scene\SubsceneManager.h">
      <Filter>Renderer\Scene</Filter>
    </ClInclude>
    <ClInclude Include="GUI2\imgui\implot.h">
      <Filter>GUI2\imgui</Filter>
    </ClInclude>
    <ClInclude Include="GUI2\imgui\implot_internal.h">
      <Filter>GUI2\imgui</Filter>
    </ClInclude>
  </ItemGroup>
  <ItemGroup>
    <None Include="Physics\ParticlePhysics\AosParticleSystem.inl">
      <Filter>Physics\ParticlePhysics</Filter>
    </None>
    <ClInclude Include="Renderer\RenderGraph.h">
      <Filter>Renderer</Filter>
    </ClInclude>
    <ClInclude Include="Renderer\EffectGraphSystem.h">
      <Filter>Renderer</Filter>
    </ClInclude>
  </ItemGroup>
  <ItemGroup>
    <None Include="Physics\ParticlePhysics\AosParticleSystem.inl">
      <Filter>Physics\ParticlePhysics</Filter>
    </None>
    <None Include="Physics\ParticlePhysics\ParticleSystem.inl">
      <Filter>Physics\ParticlePhysics</Filter>
    </None>
    <None Include="Physics\Handles.inl">
      <Filter>Physics</Filter>
    </None>
    <None Include="GUI2\imgui_impl_osx.mm">
      <Filter>GUI2\impl</Filter>
    </None>
  </ItemGroup>
  <ItemGroup>
    <Natvis Include="GUI2\imgui\misc\debuggers\imgui.natvis">
      <Filter>GUI2\imgui</Filter>
    </Natvis>
  </ItemGroup>
</Project>